
Microsoft Visual Studio Solution File, Format Version 12.00
# Visual Studio 15
VisualStudioVersion = 15.0.28307.489
MinimumVisualStudioVersion = 10.0.40219.1
Project("{FAE04EC0-301F-11D3-BF4B-00C04F79EFBC}") = "SnakesAndLadders", "SnakesAndLadders\SnakesAndLadders.csproj", "{16A0433A-106A-433A-B5B9-919CAEBB9E58}"
EndProject
Global
	GlobalSection(SolutionConfigurationPlatforms) = preSolution
		Debug|Any CPU = Debug|Any CPU
		Release|Any CPU = Release|Any CPU
	EndGlobalSection
	GlobalSection(ProjectConfigurationPlatforms) = postSolution
		{16A0433A-106A-433A-B5B9-919CAEBB9E58}.Debug|Any CPU.ActiveCfg = Debug|Any CPU
		{16A0433A-106A-433A-B5B9-919CAEBB9E58}.Debug|Any CPU.Build.0 = Debug|Any CPU
		{16A0433A-106A-433A-B5B9-919CAEBB9E58}.Release|Any CPU.ActiveCfg = Release|Any CPU
		{16A0433A-106A-433A-B5B9-919CAEBB9E58}.Release|Any CPU.Build.0 = Release|Any CPU
	EndGlobalSection
	GlobalSection(SolutionProperties) = preSolution
		HideSolutionNode = FALSE
	EndGlobalSection
	GlobalSection(ExtensibilityGlobals) = postSolution
		SolutionGuid = {536EF4D6-4E92-4923-B85C-816D9FEB1E06}
	EndGlobalSection
EndGlobal
